
Microsoft Visual Studio Solution File, Format Version 12.00
# Visual Studio Version 17
VisualStudioVersion = 17.1.32407.343
MinimumVisualStudioVersion = 10.0.40219.1
Project("{9A19103F-16F7-4668-BE54-9A1E7A4F7556}") = "Entity", "Entity\Entity.csproj", "{36F5F637-54BE-4202-9903-FB5969051D7B}"
EndProject
Project("{9A19103F-16F7-4668-BE54-9A1E7A4F7556}") = "DataAccessLayer", "DataAccessLayer\DataAccessLayer.csproj", "{5817384B-8317-4D28-9047-39ADBE27442B}"
EndProject
Project("{9A19103F-16F7-4668-BE54-9A1E7A4F7556}") = "BusinessLogic", "BusinessLogic\BusinessLogic.csproj", "{2FB34B1E-0B70-4542-BDA8-AD842A029EA9}"
EndProject
Project("{FAE04EC0-301F-11D3-BF4B-00C04F79EFBC}") = "ECommerce.Electronic.App-ms13", "ECommerce.Electronic.App-ms13\ECommerce.Electronic.App-ms13.csproj", "{89CDB21B-413D-4AE7-9A06-C22573383D9D}"
EndProject
Global
	GlobalSection(SolutionConfigurationPlatforms) = preSolution
		Debug|Any CPU = Debug|Any CPU
		Release|Any CPU = Release|Any CPU
	EndGlobalSection
	GlobalSection(ProjectConfigurationPlatforms) = postSolution
		{36F5F637-54BE-4202-9903-FB5969051D7B}.Debug|Any CPU.ActiveCfg = Debug|Any CPU
		{36F5F637-54BE-4202-9903-FB5969051D7B}.Debug|Any CPU.Build.0 = Debug|Any CPU
		{36F5F637-54BE-4202-9903-FB5969051D7B}.Release|Any CPU.ActiveCfg = Release|Any CPU
		{36F5F637-54BE-4202-9903-FB5969051D7B}.Release|Any CPU.Build.0 = Release|Any CPU
		{5817384B-8317-4D28-9047-39ADBE27442B}.Debug|Any CPU.ActiveCfg = Debug|Any CPU
		{5817384B-8317-4D28-9047-39ADBE27442B}.Debug|Any CPU.Build.0 = Debug|Any CPU
		{5817384B-8317-4D28-9047-39ADBE27442B}.Release|Any CPU.ActiveCfg = Release|Any CPU
		{5817384B-8317-4D28-9047-39ADBE27442B}.Release|Any CPU.Build.0 = Release|Any CPU
		{2FB34B1E-0B70-4542-BDA8-AD842A029EA9}.Debug|Any CPU.ActiveCfg = Debug|Any CPU
		{2FB34B1E-0B70-4542-BDA8-AD842A029EA9}.Debug|Any CPU.Build.0 = Debug|Any CPU
		{2FB34B1E-0B70-4542-BDA8-AD842A029EA9}.Release|Any CPU.ActiveCfg = Release|Any CPU
		{2FB34B1E-0B70-4542-BDA8-AD842A029EA9}.Release|Any CPU.Build.0 = Release|Any CPU
		{89CDB21B-413D-4AE7-9A06-C22573383D9D}.Debug|Any CPU.ActiveCfg = Debug|Any CPU
		{89CDB21B-413D-4AE7-9A06-C22573383D9D}.Debug|Any CPU.Build.0 = Debug|Any CPU
		{89CDB21B-413D-4AE7-9A06-C22573383D9D}.Release|Any CPU.ActiveCfg = Release|Any CPU
		{89CDB21B-413D-4AE7-9A06-C22573383D9D}.Release|Any CPU.Build.0 = Release|Any CPU
	EndGlobalSection
	GlobalSection(SolutionProperties) = preSolution
		HideSolutionNode = FALSE
	EndGlobalSection
	GlobalSection(ExtensibilityGlobals) = postSolution
		SolutionGuid = {A11BEE48-57F6-4A15-AC41-6B19FDEAF4B4}
	EndGlobalSection
EndGlobal
